
Microsoft Visual Studio Solution File, Format Version 12.00
# Visual Studio Version 17
VisualStudioVersion = 17.4.33103.184
MinimumVisualStudioVersion = 10.0.40219.1
Project("{9A19103F-16F7-4668-BE54-9A1E7A4F7556}") = "WebApp", "WebApp\WebApp.csproj", "{507D51FF-A8BF-4FB6-A37C-F1F7423711C0}"
EndProject
Project("{FAE04EC0-301F-11D3-BF4B-00C04F79EFBC}") = "WebApp.Tests", "WebApp.Tests\WebApp.Tests.csproj", "{4C483F61-F6A1-4410-91E3-E27B217009BA}"
EndProject
Project("{FAE04EC0-301F-11D3-BF4B-00C04F79EFBC}") = "WebApp.Business", "WebApp.Business\WebApp.Business.csproj", "{19F4934F-BD5B-43FF-A49F-82EB8D0B9A33}"
EndProject
Project("{FAE04EC0-301F-11D3-BF4B-00C04F79EFBC}") = "WebApp.EntityFramework", "WebApp.EntityFramework\WebApp.EntityFramework.csproj", "{16F40398-AE18-4EF7-8203-83984CBDDCA4}"
EndProject
Global
	GlobalSection(SolutionConfigurationPlatforms) = preSolution
		Debug|Any CPU = Debug|Any CPU
		Release|Any CPU = Release|Any CPU
	EndGlobalSection
	GlobalSection(ProjectConfigurationPlatforms) = postSolution
		{507D51FF-A8BF-4FB6-A37C-F1F7423711C0}.Debug|Any CPU.ActiveCfg = Debug|Any CPU
		{507D51FF-A8BF-4FB6-A37C-F1F7423711C0}.Debug|Any CPU.Build.0 = Debug|Any CPU
		{507D51FF-A8BF-4FB6-A37C-F1F7423711C0}.Release|Any CPU.ActiveCfg = Release|Any CPU
		{507D51FF-A8BF-4FB6-A37C-F1F7423711C0}.Release|Any CPU.Build.0 = Release|Any CPU
		{4C483F61-F6A1-4410-91E3-E27B217009BA}.Debug|Any CPU.ActiveCfg = Debug|Any CPU
		{4C483F61-F6A1-4410-91E3-E27B217009BA}.Debug|Any CPU.Build.0 = Debug|Any CPU
		{4C483F61-F6A1-4410-91E3-E27B217009BA}.Release|Any CPU.ActiveCfg = Release|Any CPU
		{4C483F61-F6A1-4410-91E3-E27B217009BA}.Release|Any CPU.Build.0 = Release|Any CPU
		{19F4934F-BD5B-43FF-A49F-82EB8D0B9A33}.Debug|Any CPU.ActiveCfg = Debug|Any CPU
		{19F4934F-BD5B-43FF-A49F-82EB8D0B9A33}.Debug|Any CPU.Build.0 = Debug|Any CPU
		{19F4934F-BD5B-43FF-A49F-82EB8D0B9A33}.Release|Any CPU.ActiveCfg = Release|Any CPU
		{19F4934F-BD5B-43FF-A49F-82EB8D0B9A33}.Release|Any CPU.Build.0 = Release|Any CPU
		{16F40398-AE18-4EF7-8203-83984CBDDCA4}.Debug|Any CPU.ActiveCfg = Debug|Any CPU
		{16F40398-AE18-4EF7-8203-83984CBDDCA4}.Debug|Any CPU.Build.0 = Debug|Any CPU
		{16F40398-AE18-4EF7-8203-83984CBDDCA4}.Release|Any CPU.ActiveCfg = Release|Any CPU
		{16F40398-AE18-4EF7-8203-83984CBDDCA4}.Release|Any CPU.Build.0 = Release|Any CPU
	EndGlobalSection
	GlobalSection(SolutionProperties) = preSolution
		HideSolutionNode = FALSE
	EndGlobalSection
	GlobalSection(ExtensibilityGlobals) = postSolution
		SolutionGuid = {976B126F-B534-416A-852A-272916FD5EAB}
	EndGlobalSection
EndGlobal
